
# Global configurations

enabled: true           # If true, enable the plugin
ganalytics: true        # If true, manage Google Analytics tracking
popup:
  message:
    enabled: true         # If true, display the popup message
    displayone: true      # If true, display the popup message only one times
    page_filter: ''       # List of page section where message shall be displayed (e.g.: blog, docs).
    content: |
        This website is made possible by displaying online **advertisements** to our visitors.

        Please consider supporting us by **disabling** your ad blocker.

        Thank you.
        ---fr---
        Ce site web est possible grâce à la **publicité**.

        Soutenez-nous en **désactivant** votre bloqueur de publicité.

        Merci.
  blockvisit:
    enabled: false            # If true, block the visit of user and force to disable ad blocker.
    idtoremove: 'body'        # DOM Id to remove when visit is blocked.
inside:
  blockreading:
    enabled: false            # Set to true to block reading of full article
    add_editor_button: true   # Set to true to add a button in editor to insert tags
    message: |
        To read the full article, please disable your ad blocker!
        ---fr---
        Pour lire l'article au complet, veuillez désactiver votre bloqueur de publicités s'il vous plait!
